
Microsoft Visual Studio Solution File, Format Version 12.00
# Visual Studio 14
VisualStudioVersion = 14.0.25420.1
MinimumVisualStudioVersion = 10.0.40219.1
Project("{FAE04EC0-301F-11D3-BF4B-00C04F79EFBC}") = "MQConsumerService", "MQConsumer\MQConsumerService.csproj", "{36285348-B90B-41E7-A388-AF57877888F2}"
EndProject
Project("{FAE04EC0-301F-11D3-BF4B-00C04F79EFBC}") = "RabbitMQConsumerService", "RabbitMQConsumerService\RabbitMQConsumerService.csproj", "{20C9B6F1-0A66-427D-B0EE-2A1093F7E789}"
EndProject
Project("{FAE04EC0-301F-11D3-BF4B-00C04F79EFBC}") = "RabbitMQConsumerService.Tests", "RabbitMQConsumerService.Tests\RabbitMQConsumerService.Tests.csproj", "{3BE46318-C3DB-47B9-A06E-643DE650AB8A}"
EndProject
Project("{2150E333-8FDC-42A3-9474-1A3956D46DE8}") = "Tests", "Tests", "{02BA5243-C999-4683-806A-47041908C823}"
EndProject
Project("{FAE04EC0-301F-11D3-BF4B-00C04F79EFBC}") = "ReposAPIService", "ReposAPIService\ReposAPIService.csproj", "{20B85AC0-2242-42C4-BF71-C19906B5F6C2}"
EndProject
Project("{FAE04EC0-301F-11D3-BF4B-00C04F79EFBC}") = "MQConsumerService.Domain", "Domain\MQConsumerService.Domain.csproj", "{D3B6A001-C9FE-46F3-9706-BD5D6D21553B}"
EndProject
Project("{FAE04EC0-301F-11D3-BF4B-00C04F79EFBC}") = "DAL", "DAL\DAL.csproj", "{B32BC62C-D2A0-4FD7-BE15-2C2BA9643B1D}"
EndProject
Global
	GlobalSection(SolutionConfigurationPlatforms) = preSolution
		Debug|Any CPU = Debug|Any CPU
		Debug|ARM = Debug|ARM
		Debug|x64 = Debug|x64
		Debug|x86 = Debug|x86
		Release|Any CPU = Release|Any CPU
		Release|ARM = Release|ARM
		Release|x64 = Release|x64
		Release|x86 = Release|x86
	EndGlobalSection
	GlobalSection(ProjectConfigurationPlatforms) = postSolution
		{36285348-B90B-41E7-A388-AF57877888F2}.Debug|Any CPU.ActiveCfg = Debug|Any CPU
		{36285348-B90B-41E7-A388-AF57877888F2}.Debug|Any CPU.Build.0 = Debug|Any CPU
		{36285348-B90B-41E7-A388-AF57877888F2}.Debug|ARM.ActiveCfg = Debug|Any CPU
		{36285348-B90B-41E7-A388-AF57877888F2}.Debug|ARM.Build.0 = Debug|Any CPU
		{36285348-B90B-41E7-A388-AF57877888F2}.Debug|x64.ActiveCfg = Debug|Any CPU
		{36285348-B90B-41E7-A388-AF57877888F2}.Debug|x64.Build.0 = Debug|Any CPU
		{36285348-B90B-41E7-A388-AF57877888F2}.Debug|x86.ActiveCfg = Debug|Any CPU
		{36285348-B90B-41E7-A388-AF57877888F2}.Debug|x86.Build.0 = Debug|Any CPU
		{36285348-B90B-41E7-A388-AF57877888F2}.Release|Any CPU.ActiveCfg = Release|Any CPU
		{36285348-B90B-41E7-A388-AF57877888F2}.Release|Any CPU.Build.0 = Release|Any CPU
		{36285348-B90B-41E7-A388-AF57877888F2}.Release|ARM.ActiveCfg = Release|Any CPU
		{36285348-B90B-41E7-A388-AF57877888F2}.Release|ARM.Build.0 = Release|Any CPU
		{36285348-B90B-41E7-A388-AF57877888F2}.Release|x64.ActiveCfg = Release|Any CPU
		{36285348-B90B-41E7-A388-AF57877888F2}.Release|x64.Build.0 = Release|Any CPU
		{36285348-B90B-41E7-A388-AF57877888F2}.Release|x86.ActiveCfg = Release|Any CPU
		{36285348-B90B-41E7-A388-AF57877888F2}.Release|x86.Build.0 = Release|Any CPU
		{20C9B6F1-0A66-427D-B0EE-2A1093F7E789}.Debug|Any CPU.ActiveCfg = Debug|Any CPU
		{20C9B6F1-0A66-427D-B0EE-2A1093F7E789}.Debug|Any CPU.Build.0 = Debug|Any CPU
		{20C9B6F1-0A66-427D-B0EE-2A1093F7E789}.Debug|ARM.ActiveCfg = Debug|Any CPU
		{20C9B6F1-0A66-427D-B0EE-2A1093F7E789}.Debug|ARM.Build.0 = Debug|Any CPU
		{20C9B6F1-0A66-427D-B0EE-2A1093F7E789}.Debug|x64.ActiveCfg = Debug|Any CPU
		{20C9B6F1-0A66-427D-B0EE-2A1093F7E789}.Debug|x64.Build.0 = Debug|Any CPU
		{20C9B6F1-0A66-427D-B0EE-2A1093F7E789}.Debug|x86.ActiveCfg = Debug|Any CPU
		{20C9B6F1-0A66-427D-B0EE-2A1093F7E789}.Debug|x86.Build.0 = Debug|Any CPU
		{20C9B6F1-0A66-427D-B0EE-2A1093F7E789}.Release|Any CPU.ActiveCfg = Release|Any CPU
		{20C9B6F1-0A66-427D-B0EE-2A1093F7E789}.Release|Any CPU.Build.0 = Release|Any CPU
		{20C9B6F1-0A66-427D-B0EE-2A1093F7E789}.Release|ARM.ActiveCfg = Release|Any CPU
		{20C9B6F1-0A66-427D-B0EE-2A1093F7E789}.Release|ARM.Build.0 = Release|Any CPU
		{20C9B6F1-0A66-427D-B0EE-2A1093F7E789}.Release|x64.ActiveCfg = Release|Any CPU
		{20C9B6F1-0A66-427D-B0EE-2A1093F7E789}.Release|x64.Build.0 = Release|Any CPU
		{20C9B6F1-0A66-427D-B0EE-2A1093F7E789}.Release|x86.ActiveCfg = Release|Any CPU
		{20C9B6F1-0A66-427D-B0EE-2A1093F7E789}.Release|x86.Build.0 = Release|Any CPU
		{3BE46318-C3DB-47B9-A06E-643DE650AB8A}.Debug|Any CPU.ActiveCfg = Debug|Any CPU
		{3BE46318-C3DB-47B9-A06E-643DE650AB8A}.Debug|Any CPU.Build.0 = Debug|Any CPU
		{3BE46318-C3DB-47B9-A06E-643DE650AB8A}.Debug|ARM.ActiveCfg = Debug|Any CPU
		{3BE46318-C3DB-47B9-A06E-643DE650AB8A}.Debug|ARM.Build.0 = Debug|Any CPU
		{3BE46318-C3DB-47B9-A06E-643DE650AB8A}.Debug|x64.ActiveCfg = Debug|Any CPU
		{3BE46318-C3DB-47B9-A06E-643DE650AB8A}.Debug|x64.Build.0 = Debug|Any CPU
		{3BE46318-C3DB-47B9-A06E-643DE650AB8A}.Debug|x86.ActiveCfg = Debug|Any CPU
		{3BE46318-C3DB-47B9-A06E-643DE650AB8A}.Debug|x86.Build.0 = Debug|Any CPU
		{3BE46318-C3DB-47B9-A06E-643DE650AB8A}.Release|Any CPU.ActiveCfg = Release|Any CPU
		{3BE46318-C3DB-47B9-A06E-643DE650AB8A}.Release|Any CPU.Build.0 = Release|Any CPU
		{3BE46318-C3DB-47B9-A06E-643DE650AB8A}.Release|ARM.ActiveCfg = Release|Any CPU
		{3BE46318-C3DB-47B9-A06E-643DE650AB8A}.Release|ARM.Build.0 = Release|Any CPU
		{3BE46318-C3DB-47B9-A06E-643DE650AB8A}.Release|x64.ActiveCfg = Release|Any CPU
		{3BE46318-C3DB-47B9-A06E-643DE650AB8A}.Release|x64.Build.0 = Release|Any CPU
		{3BE46318-C3DB-47B9-A06E-643DE650AB8A}.Release|x86.ActiveCfg = Release|Any CPU
		{3BE46318-C3DB-47B9-A06E-643DE650AB8A}.Release|x86.Build.0 = Release|Any CPU
		{20B85AC0-2242-42C4-BF71-C19906B5F6C2}.Debug|Any CPU.ActiveCfg = Debug|Any CPU
		{20B85AC0-2242-42C4-BF71-C19906B5F6C2}.Debug|Any CPU.Build.0 = Debug|Any CPU
		{20B85AC0-2242-42C4-BF71-C19906B5F6C2}.Debug|ARM.ActiveCfg = Debug|Any CPU
		{20B85AC0-2242-42C4-BF71-C19906B5F6C2}.Debug|ARM.Build.0 = Debug|Any CPU
		{20B85AC0-2242-42C4-BF71-C19906B5F6C2}.Debug|x64.ActiveCfg = Debug|Any CPU
		{20B85AC0-2242-42C4-BF71-C19906B5F6C2}.Debug|x64.Build.0 = Debug|Any CPU
		{20B85AC0-2242-42C4-BF71-C19906B5F6C2}.Debug|x86.ActiveCfg = Debug|Any CPU
		{20B85AC0-2242-42C4-BF71-C19906B5F6C2}.Debug|x86.Build.0 = Debug|Any CPU
		{20B85AC0-2242-42C4-BF71-C19906B5F6C2}.Release|Any CPU.ActiveCfg = Release|Any CPU
		{20B85AC0-2242-42C4-BF71-C19906B5F6C2}.Release|Any CPU.Build.0 = Release|Any CPU
		{20B85AC0-2242-42C4-BF71-C19906B5F6C2}.Release|ARM.ActiveCfg = Release|Any CPU
		{20B85AC0-2242-42C4-BF71-C19906B5F6C2}.Release|ARM.Build.0 = Release|Any CPU
		{20B85AC0-2242-42C4-BF71-C19906B5F6C2}.Release|x64.ActiveCfg = Release|Any CPU
		{20B85AC0-2242-42C4-BF71-C19906B5F6C2}.Release|x64.Build.0 = Release|Any CPU
		{20B85AC0-2242-42C4-BF71-C19906B5F6C2}.Release|x86.ActiveCfg = Release|Any CPU
		{20B85AC0-2242-42C4-BF71-C19906B5F6C2}.Release|x86.Build.0 = Release|Any CPU
		{D3B6A001-C9FE-46F3-9706-BD5D6D21553B}.Debug|Any CPU.ActiveCfg = Debug|Any CPU
		{D3B6A001-C9FE-46F3-9706-BD5D6D21553B}.Debug|Any CPU.Build.0 = Debug|Any CPU
		{D3B6A001-C9FE-46F3-9706-BD5D6D21553B}.Debug|ARM.ActiveCfg = Debug|Any CPU
		{D3B6A001-C9FE-46F3-9706-BD5D6D21553B}.Debug|ARM.Build.0 = Debug|Any CPU
		{D3B6A001-C9FE-46F3-9706-BD5D6D21553B}.Debug|x64.ActiveCfg = Debug|Any CPU
		{D3B6A001-C9FE-46F3-9706-BD5D6D21553B}.Debug|x64.Build.0 = Debug|Any CPU
		{D3B6A001-C9FE-46F3-9706-BD5D6D21553B}.Debug|x86.ActiveCfg = Debug|Any CPU
		{D3B6A001-C9FE-46F3-9706-BD5D6D21553B}.Debug|x86.Build.0 = Debug|Any CPU
		{D3B6A001-C9FE-46F3-9706-BD5D6D21553B}.Release|Any CPU.ActiveCfg = Release|Any CPU
		{D3B6A001-C9FE-46F3-9706-BD5D6D21553B}.Release|Any CPU.Build.0 = Release|Any CPU
		{D3B6A001-C9FE-46F3-9706-BD5D6D21553B}.Release|ARM.ActiveCfg = Release|Any CPU
		{D3B6A001-C9FE-46F3-9706-BD5D6D21553B}.Release|ARM.Build.0 = Release|Any CPU
		{D3B6A001-C9FE-46F3-9706-BD5D6D21553B}.Release|x64.ActiveCfg = Release|Any CPU
		{D3B6A001-C9FE-46F3-9706-BD5D6D21553B}.Release|x64.Build.0 = Release|Any CPU
		{D3B6A001-C9FE-46F3-9706-BD5D6D21553B}.Release|x86.ActiveCfg = Release|Any CPU
		{D3B6A001-C9FE-46F3-9706-BD5D6D21553B}.Release|x86.Build.0 = Release|Any CPU
		{B32BC62C-D2A0-4FD7-BE15-2C2BA9643B1D}.Debug|Any CPU.ActiveCfg = Debug|Any CPU
		{B32BC62C-D2A0-4FD7-BE15-2C2BA9643B1D}.Debug|Any CPU.Build.0 = Debug|Any CPU
		{B32BC62C-D2A0-4FD7-BE15-2C2BA9643B1D}.Debug|ARM.ActiveCfg = Debug|Any CPU
		{B32BC62C-D2A0-4FD7-BE15-2C2BA9643B1D}.Debug|ARM.Build.0 = Debug|Any CPU
		{B32BC62C-D2A0-4FD7-BE15-2C2BA9643B1D}.Debug|x64.ActiveCfg = Debug|Any CPU
		{B32BC62C-D2A0-4FD7-BE15-2C2BA9643B1D}.Debug|x64.Build.0 = Debug|Any CPU
		{B32BC62C-D2A0-4FD7-BE15-2C2BA9643B1D}.Debug|x86.ActiveCfg = Debug|Any CPU
		{B32BC62C-D2A0-4FD7-BE15-2C2BA9643B1D}.Debug|x86.Build.0 = Debug|Any CPU
		{B32BC62C-D2A0-4FD7-BE15-2C2BA9643B1D}.Release|Any CPU.ActiveCfg = Release|Any CPU
		{B32BC62C-D2A0-4FD7-BE15-2C2BA9643B1D}.Release|Any CPU.Build.0 = Release|Any CPU
		{B32BC62C-D2A0-4FD7-BE15-2C2BA9643B1D}.Release|ARM.ActiveCfg = Release|Any CPU
		{B32BC62C-D2A0-4FD7-BE15-2C2BA9643B1D}.Release|ARM.Build.0 = Release|Any CPU
		{B32BC62C-D2A0-4FD7-BE15-2C2BA9643B1D}.Release|x64.ActiveCfg = Release|Any CPU
		{B32BC62C-D2A0-4FD7-BE15-2C2BA9643B1D}.Release|x64.Build.0 = Release|Any CPU
		{B32BC62C-D2A0-4FD7-BE15-2C2BA9643B1D}.Release|x86.ActiveCfg = Release|Any CPU
		{B32BC62C-D2A0-4FD7-BE15-2C2BA9643B1D}.Release|x86.Build.0 = Release|Any CPU
	EndGlobalSection
	GlobalSection(SolutionProperties) = preSolution
		HideSolutionNode = FALSE
	EndGlobalSection
	GlobalSection(NestedProjects) = preSolution
		{3BE46318-C3DB-47B9-A06E-643DE650AB8A} = {02BA5243-C999-4683-806A-47041908C823}
	EndGlobalSection
EndGlobal
